// !$*UTF8*$!
{
	archiveVersion = 1;
	classes = {
	};
	objectVersion = 50;
	objects = {

/* Begin PBXBuildFile section */
		3C41506324703A23008886AA /* AppDelegate.swift in Sources */ = {isa = PBXBuildFile; fileRef = 3C41506224703A23008886AA /* AppDelegate.swift */; };
		3C41506524703A23008886AA /* SceneDelegate.swift in Sources */ = {isa = PBXBuildFile; fileRef = 3C41506424703A23008886AA /* SceneDelegate.swift */; };
		3C41506724703A23008886AA /* ContentView.swift in Sources */ = {isa = PBXBuildFile; fileRef = 3C41506624703A23008886AA /* ContentView.swift */; };
		3C41506924703A26008886AA /* Assets.xcassets in Resources */ = {isa = PBXBuildFile; fileRef = 3C41506824703A26008886AA /* Assets.xcassets */; };
		3C41506C24703A26008886AA /* Preview Assets.xcassets in Resources */ = {isa = PBXBuildFile; fileRef = 3C41506B24703A26008886AA /* Preview Assets.xcassets */; };
		3C41506F24703A26008886AA /* LaunchScreen.storyboard in Resources */ = {isa = PBXBuildFile; fileRef = 3C41506D24703A26008886AA /* LaunchScreen.storyboard */; };
		3C41507A24703A26008886AA /* SwiftUI_CombineTests.swift in Sources */ = {isa = PBXBuildFile; fileRef = 3C41507924703A26008886AA /* SwiftUI_CombineTests.swift */; };
		3C41508524703A26008886AA /* SwiftUI_CombineUITests.swift in Sources */ = {isa = PBXBuildFile; fileRef = 3C41508424703A26008886AA /* SwiftUI_CombineUITests.swift */; };
/* End PBXBuildFile section */

/* Begin PBXContainerItemProxy section */
		3C41507624703A26008886AA /* PBXContainerItemProxy */ = {
			isa = PBXContainerItemProxy;
			containerPortal = 3C41505724703A22008886AA /* Project object */;
			proxyType = 1;
			remoteGlobalIDString = 3C41505E24703A23008886AA;
			remoteInfo = "SwiftUI+Combine";
		};
		3C41508124703A26008886AA /* PBXContainerItemProxy */ = {
			isa = PBXContainerItemProxy;
			containerPortal = 3C41505724703A22008886AA /* Project object */;
			proxyType = 1;
			remoteGlobalIDString = 3C41505E24703A23008886AA;
			remoteInfo = "SwiftUI+Combine";
		};
/* End PBXContainerItemProxy section */

/* Begin PBXFileReference section */
		3C41505F24703A23008886AA /* SwiftUI+Combine.app */ = {isa = PBXFileReference; explicitFileType = wrapper.application; includeInIndex = 0; path = "SwiftUI+Combine.app"; sourceTree = BUILT_PRODUCTS_DIR; };
		3C41506224703A23008886AA /* AppDelegate.swift */ = {isa = PBXFileReference; lastKnownFileType = sourcecode.swift; path = AppDelegate.swift; sourceTree = "<group>"; };
		3C41506424703A23008886AA /* SceneDelegate.swift */ = {isa = PBXFileReference; lastKnownFileType = sourcecode.swift; path = SceneDelegate.swift; sourceTree = "<group>"; };
		3C41506624703A23008886AA /* ContentView.swift */ = {isa = PBXFileReference; lastKnownFileType = sourcecode.swift; path = ContentView.swift; sourceTree = "<group>"; };
		3C41506824703A26008886AA /* Assets.xcassets */ = {isa = PBXFileReference; lastKnownFileType = folder.assetcatalog; path = Assets.xcassets; sourceTree = "<group>"; };
		3C41506B24703A26008886AA /* Preview Assets.xcassets */ = {isa = PBXFileReference; lastKnownFileType = folder.assetcatalog; path = "Preview Assets.xcassets"; sourceTree = "<group>"; };
		3C41506E24703A26008886AA /* Base */ = {isa = PBXFileReference; lastKnownFileType = file.storyboard; name = Base; path = Base.lproj/LaunchScreen.storyboard; sourceTree = "<group>"; };
		3C41507024703A26008886AA /* Info.plist */ = {isa = PBXFileReference; lastKnownFileType = text.plist.xml; path = Info.plist; sourceTree = "<group>"; };
		3C41507524703A26008886AA /* SwiftUI+CombineTests.xctest */ = {isa = PBXFileReference; explicitFileType = wrapper.cfbundle; includeInIndex = 0; path = "SwiftUI+CombineTests.xctest"; sourceTree = BUILT_PRODUCTS_DIR; };
		3C41507924703A26008886AA /* SwiftUI_CombineTests.swift */ = {isa = PBXFileReference; lastKnownFileType = sourcecode.swift; path = SwiftUI_CombineTests.swift; sourceTree = "<group>"; };
		3C41507B24703A26008886AA /* Info.plist */ = {isa = PBXFileReference; lastKnownFileType = text.plist.xml; path = Info.plist; sourceTree = "<group>"; };
		3C41508024703A26008886AA /* SwiftUI+CombineUITests.xctest */ = {isa = PBXFileReference; explicitFileType = wrapper.cfbundle; includeInIndex = 0; path = "SwiftUI+CombineUITests.xctest"; sourceTree = BUILT_PRODUCTS_DIR; };
		3C41508424703A26008886AA /* SwiftUI_CombineUITests.swift */ = {isa = PBXFileReference; lastKnownFileType = sourcecode.swift; path = SwiftUI_CombineUITests.swift; sourceTree = "<group>"; };
		3C41508624703A26008886AA /* Info.plist */ = {isa = PBXFileReference; lastKnownFileType = text.plist.xml; path = Info.plist; sourceTree = "<group>"; };
/* End PBXFileReference section */

/* Begin PBXFrameworksBuildPhase section */
		3C41505C24703A23008886AA /* Frameworks */ = {
			isa = PBXFrameworksBuildPhase;
			buildActionMask = 2147483647;
			files = (
			);
			runOnlyForDeploymentPostprocessing = 0;
		};
		3C41507224703A26008886AA /* Frameworks */ = {
			isa = PBXFrameworksBuildPhase;
			buildActionMask = 2147483647;
			files = (
			);
			runOnlyForDeploymentPostprocessing = 0;
		};
		3C41507D24703A26008886AA /* Frameworks */ = {
			isa = PBXFrameworksBuildPhase;
			buildActionMask = 2147483647;
			files = (
			);
			runOnlyForDeploymentPostprocessing = 0;
		};
/* End PBXFrameworksBuildPhase section */

/* Begin PBXGroup section */
		3C41505624703A22008886AA = {
			isa = PBXGroup;
			children = (
				3C41506124703A23008886AA /* SwiftUI+Combine */,
				3C41507824703A26008886AA /* SwiftUI+CombineTests */,
				3C41508324703A26008886AA /* SwiftUI+CombineUITests */,
				3C41506024703A23008886AA /* Products */,
			);
			sourceTree = "<group>";
		};
		3C41506024703A23008886AA /* Products */ = {
			isa = PBXGroup;
			children = (
				3C41505F24703A23008886AA /* SwiftUI+Combine.app */,
				3C41507524703A26008886AA /* SwiftUI+CombineTests.xctest */,
				3C41508024703A26008886AA /* SwiftUI+CombineUITests.xctest */,
			);
			name = Products;
			sourceTree = "<group>";
		};
		3C41506124703A23008886AA /* SwiftUI+Combine */ = {
			isa = PBXGroup;
			children = (
				3C41506224703A23008886AA /* AppDelegate.swift */,
				3C41506424703A23008886AA /* SceneDelegate.swift */,
				3C41506624703A23008886AA /* ContentView.swift */,
				3C41506824703A26008886AA /* Assets.xcassets */,
				3C41506D24703A26008886AA /* LaunchScreen.storyboard */,
				3C41507024703A26008886AA /* Info.plist */,
				3C41506A24703A26008886AA /* Preview Content */,
			);
			path = "SwiftUI+Combine";
			sourceTree = "<group>";
		};
		3C41506A24703A26008886AA /* Preview Content */ = {
			isa = PBXGroup;
			children = (
				3C41506B24703A26008886AA /* Preview Assets.xcassets */,
			);
			path = "Preview Content";
			sourceTree = "<group>";
		};
		3C41507824703A26008886AA /* SwiftUI+CombineTests */ = {
			isa = PBXGroup;
			children = (
				3C41507924703A26008886AA /* SwiftUI_CombineTests.swift */,
				3C41507B24703A26008886AA /* Info.plist */,
			);
			path = "SwiftUI+CombineTests";
			sourceTree = "<group>";
		};
		3C41508324703A26008886AA /* SwiftUI+CombineUITests */ = {
			isa = PBXGroup;
			children = (
				3C41508424703A26008886AA /* SwiftUI_CombineUITests.swift */,
				3C41508624703A26008886AA /* Info.plist */,
			);
			path = "SwiftUI+CombineUITests";
			sourceTree = "<group>";
		};
/* End PBXGroup section */

/* Begin PBXNativeTarget section */
		3C41505E24703A23008886AA /* SwiftUI+Combine */ = {
			isa = PBXNativeTarget;
			buildConfigurationList = 3C41508924703A26008886AA /* Build configuration list for PBXNativeTarget "SwiftUI+Combine" */;
			buildPhases = (
				3C41505B24703A23008886AA /* Sources */,
				3C41505C24703A23008886AA /* Frameworks */,
				3C41505D24703A23008886AA /* Resources */,
			);
			buildRules = (
			);
			dependencies = (
			);
			name = "SwiftUI+Combine";
			productName = "SwiftUI+Combine";
			productReference = 3C41505F24703A23008886AA /* SwiftUI+Combine.app */;
			productType = "com.apple.product-type.application";
		};
		3C41507424703A26008886AA /* SwiftUI+CombineTests */ = {
			isa = PBXNativeTarget;
			buildConfigurationList = 3C41508C24703A26008886AA /* Build configuration list for PBXNativeTarget "SwiftUI+CombineTests" */;
			buildPhases = (
				3C41507124703A26008886AA /* Sources */,
				3C41507224703A26008886AA /* Frameworks */,
				3C41507324703A26008886AA /* Resources */,
			);
			buildRules = (
			);
			dependencies = (
				3C41507724703A26008886AA /* PBXTargetDependency */,
			);
			name = "SwiftUI+CombineTests";
			productName = "SwiftUI+CombineTests";
			productReference = 3C41507524703A26008886AA /* SwiftUI+CombineTests.xctest */;
			productType = "com.apple.product-type.bundle.unit-test";
		};
		3C41507F24703A26008886AA /* SwiftUI+CombineUITests */ = {
			isa = PBXNativeTarget;
			buildConfigurationList = 3C41508F24703A26008886AA /* Build configuration list for PBXNativeTarget "SwiftUI+CombineUITests" */;
			buildPhases = (
				3C41507C24703A26008886AA /* Sources */,
				3C41507D24703A26008886AA /* Frameworks */,
				3C41507E24703A26008886AA /* Resources */,
			);
			buildRules = (
			);
			dependencies = (
				3C41508224703A26008886AA /* PBXTargetDependency */,
			);
			name = "SwiftUI+CombineUITests";
			productName = "SwiftUI+CombineUITests";
			productReference = 3C41508024703A26008886AA /* SwiftUI+CombineUITests.xctest */;
			productType = "com.apple.product-type.bundle.ui-testing";
		};
/* End PBXNativeTarget section */

/* Begin PBXProject section */
		3C41505724703A22008886AA /* Project object */ = {
			isa = PBXProject;
			attributes = {
				LastSwiftUpdateCheck = 1140;
				LastUpgradeCheck = 1140;
				ORGANIZATIONNAME = "杨帆";
				TargetAttributes = {
					3C41505E24703A23008886AA = {
						CreatedOnToolsVersion = 11.4.1;
					};
					3C41507424703A26008886AA = {
						CreatedOnToolsVersion = 11.4.1;
						TestTargetID = 3C41505E24703A23008886AA;
					};
					3C41507F24703A26008886AA = {
						CreatedOnToolsVersion = 11.4.1;
						TestTargetID = 3C41505E24703A23008886AA;
					};
				};
			};
			buildConfigurationList = 3C41505A24703A22008886AA /* Build configuration list for PBXProject "SwiftUI+Combine" */;
			compatibilityVersion = "Xcode 9.3";
			developmentRegion = en;
			hasScannedForEncodings = 0;
			knownRegions = (
				en,
				Base,
			);
			mainGroup = 3C41505624703A22008886AA;
			productRefGroup = 3C41506024703A23008886AA /* Products */;
			projectDirPath = "";
			projectRoot = "";
			targets = (
				3C41505E24703A23008886AA /* SwiftUI+Combine */,
				3C41507424703A26008886AA /* SwiftUI+CombineTests */,
				3C41507F24703A26008886AA /* SwiftUI+CombineUITests */,
			);
		};
/* End PBXProject section */

/* Begin PBXResourcesBuildPhase section */
		3C41505D24703A23008886AA /* Resources */ = {
			isa = PBXResourcesBuildPhase;
			buildActionMask = 2147483647;
			files = (
				3C41506F24703A26008886AA /* LaunchScreen.storyboard in Resources */,
				3C41506C24703A26008886AA /* Preview Assets.xcassets in Resources */,
				3C41506924703A26008886AA /* Assets.xcassets in Resources */,
			);
			runOnlyForDeploymentPostprocessing = 0;
		};
		3C41507324703A26008886AA /* Resources */ = {
			isa = PBXResourcesBuildPhase;
			buildActionMask = 2147483647;
			files = (
			);
			runOnlyForDeploymentPostprocessing = 0;
		};
		3C41507E24703A26008886AA /* Resources */ = {
			isa = PBXResourcesBuildPhase;
			buildActionMask = 2147483647;
			files = (
			);
			runOnlyForDeploymentPostprocessing = 0;
		};
/* End PBXResourcesBuildPhase section */

/* Begin PBXSourcesBuildPhase section */
		3C41505B24703A23008886AA /* Sources */ = {
			isa = PBXSourcesBuildPhase;
			buildActionMask = 2147483647;
			files = (
				3C41506324703A23008886AA /* AppDelegate.swift in Sources */,
				3C41506524703A23008886AA /* SceneDelegate.swift in Sources */,
				3C41506724703A23008886AA /* ContentView.swift in Sources */,
			);
			runOnlyForDeploymentPostprocessing = 0;
		};
		3C41507124703A26008886AA /* Sources */ = {
			isa = PBXSourcesBuildPhase;
			buildActionMask = 2147483647;
			files = (
				3C41507A24703A26008886AA /* SwiftUI_CombineTests.swift in Sources */,
			);
			runOnlyForDeploymentPostprocessing = 0;
		};
		3C41507C24703A26008886AA /* Sources */ = {
			isa = PBXSourcesBuildPhase;
			buildActionMask = 2147483647;
			files = (
				3C41508524703A26008886AA /* SwiftUI_CombineUITests.swift in Sources */,
			);
			runOnlyForDeploymentPostprocessing = 0;
		};
/* End PBXSourcesBuildPhase section */

/* Begin PBXTargetDependency section */
		3C41507724703A26008886AA /* PBXTargetDependency */ = {
			isa = PBXTargetDependency;
			target = 3C41505E24703A23008886AA /* SwiftUI+Combine */;
			targetProxy = 3C41507624703A26008886AA /* PBXContainerItemProxy */;
		};
		3C41508224703A26008886AA /* PBXTargetDependency */ = {
			isa = PBXTargetDependency;
			target = 3C41505E24703A23008886AA /* SwiftUI+Combine */;
			targetProxy = 3C41508124703A26008886AA /* PBXContainerItemProxy */;
		};
/* End PBXTargetDependency section */

/* Begin PBXVariantGroup section */
		3C41506D24703A26008886AA /* LaunchScreen.storyboard */ = {
			isa = PBXVariantGroup;
			children = (
				3C41506E24703A26008886AA /* Base */,
			);
			name = LaunchScreen.storyboard;
			sourceTree = "<group>";
		};
/* End PBXVariantGroup section */

/* Begin XCBuildConfiguration section */
		3C41508724703A26008886AA /* Debug */ = {
			isa = XCBuildConfiguration;
			buildSettings = {
				ALWAYS_SEARCH_USER_PATHS = NO;
				CLANG_ANALYZER_NONNULL = YES;
				CLANG_ANALYZER_NUMBER_OBJECT_CONVERSION = YES_AGGRESSIVE;
				CLANG_CXX_LANGUAGE_STANDARD = "gnu++14";
				CLANG_CXX_LIBRARY = "libc++";
				CLANG_ENABLE_MODULES = YES;
				CLANG_ENABLE_OBJC_ARC = YES;
				CLANG_ENABLE_OBJC_WEAK = YES;
				CLANG_WARN_BLOCK_CAPTURE_AUTORELEASING = YES;
				CLANG_WARN_BOOL_CONVERSION = YES;
				CLANG_WARN_COMMA = YES;
				CLANG_WARN_CONSTANT_CONVERSION = YES;
				CLANG_WARN_DEPRECATED_OBJC_IMPLEMENTATIONS = YES;
				CLANG_WARN_DIRECT_OBJC_ISA_USAGE = YES_ERROR;
				CLANG_WARN_DOCUMENTATION_COMMENTS = YES;
				CLANG_WARN_EMPTY_BODY = YES;
				CLANG_WARN_ENUM_CONVERSION = YES;
				CLANG_WARN_INFINITE_RECURSION = YES;
				CLANG_WARN_INT_CONVERSION = YES;
				CLANG_WARN_NON_LITERAL_NULL_CONVERSION = YES;
				CLANG_WARN_OBJC_IMPLICIT_RETAIN_SELF = YES;
				CLANG_WARN_OBJC_LITERAL_CONVERSION = YES;
				CLANG_WARN_OBJC_ROOT_CLASS = YES_ERROR;
				CLANG_WARN_RANGE_LOOP_ANALYSIS = YES;
				CLANG_WARN_STRICT_PROTOTYPES = YES;
				CLANG_WARN_SUSPICIOUS_MOVE = YES;
				CLANG_WARN_UNGUARDED_AVAILABILITY = YES_AGGRESSIVE;
				CLANG_WARN_UNREACHABLE_CODE = YES;
				CLANG_WARN__DUPLICATE_METHOD_MATCH = YES;
				COPY_PHASE_STRIP = NO;
				DEBUG_INFORMATION_FORMAT = dwarf;
				ENABLE_STRICT_OBJC_MSGSEND = YES;
				ENABLE_TESTABILITY = YES;
				GCC_C_LANGUAGE_STANDARD = gnu11;
				GCC_DYNAMIC_NO_PIC = NO;
				GCC_NO_COMMON_BLOCKS = YES;
				GCC_OPTIMIZATION_LEVEL = 0;
				GCC_PREPROCESSOR_DEFINITIONS = (
					"DEBUG=1",
					"$(inherited)",
				);
				GCC_WARN_64_TO_32_BIT_CONVERSION = YES;
				GCC_WARN_ABOUT_RETURN_TYPE = YES_ERROR;
				GCC_WARN_UNDECLARED_SELECTOR = YES;
				GCC_WARN_UNINITIALIZED_AUTOS = YES_AGGRESSIVE;
				GCC_WARN_UNUSED_FUNCTION = YES;
				GCC_WARN_UNUSED_VARIABLE = YES;
				IPHONEOS_DEPLOYMENT_TARGET = 13.4;
				MTL_ENABLE_DEBUG_INFO = INCLUDE_SOURCE;
				MTL_FAST_MATH = YES;
				ONLY_ACTIVE_ARCH = YES;
				SDKROOT = iphoneos;
				SWIFT_ACTIVE_COMPILATION_CONDITIONS = DEBUG;
				SWIFT_OPTIMIZATION_LEVEL = "-Onone";
			};
			name = Debug;
		};
		3C41508824703A26008886AA /* Release */ = {
			isa = XCBuildConfiguration;
			buildSettings = {
				ALWAYS_SEARCH_USER_PATHS = NO;
				CLANG_ANALYZER_NONNULL = YES;
				CLANG_ANALYZER_NUMBER_OBJECT_CONVERSION = YES_AGGRESSIVE;
				CLANG_CXX_LANGUAGE_STANDARD = "gnu++14";
				CLANG_CXX_LIBRARY = "libc++";
				CLANG_ENABLE_MODULES = YES;
				CLANG_ENABLE_OBJC_ARC = YES;
				CLANG_ENABLE_OBJC_WEAK = YES;
				CLANG_WARN_BLOCK_CAPTURE_AUTORELEASING = YES;
				CLANG_WARN_BOOL_CONVERSION = YES;
				CLANG_WARN_COMMA = YES;
				CLANG_WARN_CONSTANT_CONVERSION = YES;
				CLANG_WARN_DEPRECATED_OBJC_IMPLEMENTATIONS = YES;
				CLANG_WARN_DIRECT_OBJC_ISA_USAGE = YES_ERROR;
				CLANG_WARN_DOCUMENTATION_COMMENTS = YES;
				CLANG_WARN_EMPTY_BODY = YES;
				CLANG_WARN_ENUM_CONVERSION = YES;
				CLANG_WARN_INFINITE_RECURSION = YES;
				CLANG_WARN_INT_CONVERSION = YES;
				CLANG_WARN_NON_LITERAL_NULL_CONVERSION = YES;
				CLANG_WARN_OBJC_IMPLICIT_RETAIN_SELF = YES;
				CLANG_WARN_OBJC_LITERAL_CONVERSION = YES;
				CLANG_WARN_OBJC_ROOT_CLASS = YES_ERROR;
				CLANG_WARN_RANGE_LOOP_ANALYSIS = YES;
				CLANG_WARN_STRICT_PROTOTYPES = YES;
				CLANG_WARN_SUSPICIOUS_MOVE = YES;
				CLANG_WARN_UNGUARDED_AVAILABILITY = YES_AGGRESSIVE;
				CLANG_WARN_UNREACHABLE_CODE = YES;
				CLANG_WARN__DUPLICATE_METHOD_MATCH = YES;
				COPY_PHASE_STRIP = NO;
				DEBUG_INFORMATION_FORMAT = "dwarf-with-dsym";
				ENABLE_NS_ASSERTIONS = NO;
				ENABLE_STRICT_OBJC_MSGSEND = YES;
				GCC_C_LANGUAGE_STANDARD = gnu11;
				GCC_NO_COMMON_BLOCKS = YES;
				GCC_WARN_64_TO_32_BIT_CONVERSION = YES;
				GCC_WARN_ABOUT_RETURN_TYPE = YES_ERROR;
				GCC_WARN_UNDECLARED_SELECTOR = YES;
				GCC_WARN_UNINITIALIZED_AUTOS = YES_AGGRESSIVE;
				GCC_WARN_UNUSED_FUNCTION = YES;
				GCC_WARN_UNUSED_VARIABLE = YES;
				IPHONEOS_DEPLOYMENT_TARGET = 13.4;
				MTL_ENABLE_DEBUG_INFO = NO;
				MTL_FAST_MATH = YES;
				SDKROOT = iphoneos;
				SWIFT_COMPILATION_MODE = wholemodule;
				SWIFT_OPTIMIZATION_LEVEL = "-O";
				VALIDATE_PRODUCT = YES;
			};
			name = Release;
		};
		3C41508A24703A26008886AA /* Debug */ = {
			isa = XCBuildConfiguration;
			buildSettings = {
				ASSETCATALOG_COMPILER_APPICON_NAME = AppIcon;
				CODE_SIGN_STYLE = Automatic;
				DEVELOPMENT_ASSET_PATHS = "\"SwiftUI+Combine/Preview Content\"";
				DEVELOPMENT_TEAM = QF8H8R2NAV;
				ENABLE_PREVIEWS = YES;
				INFOPLIST_FILE = "SwiftUI+Combine/Info.plist";
				LD_RUNPATH_SEARCH_PATHS = (
					"$(inherited)",
					"@executable_path/Frameworks",
				);
				PRODUCT_BUNDLE_IDENTIFIER = "study.macos.SwiftUI-Combine";
				PRODUCT_NAME = "$(TARGET_NAME)";
				SWIFT_VERSION = 5.0;
				TARGETED_DEVICE_FAMILY = "1,2";
			};
			name = Debug;
		};
		3C41508B24703A26008886AA /* Release */ = {
			isa = XCBuildConfiguration;
			buildSettings = {
				ASSETCATALOG_COMPILER_APPICON_NAME = AppIcon;
				CODE_SIGN_STYLE = Automatic;
				DEVELOPMENT_ASSET_PATHS = "\"SwiftUI+Combine/Preview Content\"";
				DEVELOPMENT_TEAM = QF8H8R2NAV;
				ENABLE_PREVIEWS = YES;
				INFOPLIST_FILE = "SwiftUI+Combine/Info.plist";
				LD_RUNPATH_SEARCH_PATHS = (
					"$(inherited)",
					"@executable_path/Frameworks",
				);
				PRODUCT_BUNDLE_IDENTIFIER = "study.macos.SwiftUI-Combine";
				PRODUCT_NAME = "$(TARGET_NAME)";
				SWIFT_VERSION = 5.0;
				TARGETED_DEVICE_FAMILY = "1,2";
			};
			name = Release;
		};
		3C41508D24703A26008886AA /* Debug */ = {
			isa = XCBuildConfiguration;
			buildSettings = {
				ALWAYS_EMBED_SWIFT_STANDARD_LIBRARIES = YES;
				BUNDLE_LOADER = "$(TEST_HOST)";
				CODE_SIGN_STYLE = Automatic;
				DEVELOPMENT_TEAM = QF8H8R2NAV;
				INFOPLIST_FILE = "SwiftUI+CombineTests/Info.plist";
				IPHONEOS_DEPLOYMENT_TARGET = 13.4;
				LD_RUNPATH_SEARCH_PATHS = (
					"$(inherited)",
					"@executable_path/Frameworks",
					"@loader_path/Frameworks",
				);
				PRODUCT_BUNDLE_IDENTIFIER = "study.macos.SwiftUI-CombineTests";
				PRODUCT_NAME = "$(TARGET_NAME)";
				SWIFT_VERSION = 5.0;
				TARGETED_DEVICE_FAMILY = "1,2";
				TEST_HOST = "$(BUILT_PRODUCTS_DIR)/SwiftUI+Combine.app/SwiftUI+Combine";
			};
			name = Debug;
		};
		3C41508E24703A26008886AA /* Release */ = {
			isa = XCBuildConfiguration;
			buildSettings = {
				ALWAYS_EMBED_SWIFT_STANDARD_LIBRARIES = YES;
				BUNDLE_LOADER = "$(TEST_HOST)";
				CODE_SIGN_STYLE = Automatic;
				DEVELOPMENT_TEAM = QF8H8R2NAV;
				INFOPLIST_FILE = "SwiftUI+CombineTests/Info.plist";
				IPHONEOS_DEPLOYMENT_TARGET = 13.4;
				LD_RUNPATH_SEARCH_PATHS = (
					"$(inherited)",
					"@executable_path/Frameworks",
					"@loader_path/Frameworks",
				);
				PRODUCT_BUNDLE_IDENTIFIER = "study.macos.SwiftUI-CombineTests";
				PRODUCT_NAME = "$(TARGET_NAME)";
				SWIFT_VERSION = 5.0;
				TARGETED_DEVICE_FAMILY = "1,2";
				TEST_HOST = "$(BUILT_PRODUCTS_DIR)/SwiftUI+Combine.app/SwiftUI+Combine";
			};
			name = Release;
		};
		3C41509024703A26008886AA /* Debug */ = {
			isa = XCBuildConfiguration;
			buildSettings = {
				ALWAYS_EMBED_SWIFT_STANDARD_LIBRARIES = YES;
				CODE_SIGN_STYLE = Automatic;
				DEVELOPMENT_TEAM = QF8H8R2NAV;
				INFOPLIST_FILE = "SwiftUI+CombineUITests/Info.plist";
				LD_RUNPATH_SEARCH_PATHS = (
					"$(inherited)",
					"@executable_path/Frameworks",
					"@loader_path/Frameworks",
				);
				PRODUCT_BUNDLE_IDENTIFIER = "study.macos.SwiftUI-CombineUITests";
				PRODUCT_NAME = "$(TARGET_NAME)";
				SWIFT_VERSION = 5.0;
				TARGETED_DEVICE_FAMILY = "1,2";
				TEST_TARGET_NAME = "SwiftUI+Combine";
			};
			name = Debug;
		};
		3C41509124703A26008886AA /* Release */ = {
			isa = XCBuildConfiguration;
			buildSettings = {
				ALWAYS_EMBED_SWIFT_STANDARD_LIBRARIES = YES;
				CODE_SIGN_STYLE = Automatic;
				DEVELOPMENT_TEAM = QF8H8R2NAV;
				INFOPLIST_FILE = "SwiftUI+CombineUITests/Info.plist";
				LD_RUNPATH_SEARCH_PATHS = (
					"$(inherited)",
					"@executable_path/Frameworks",
					"@loader_path/Frameworks",
				);
				PRODUCT_BUNDLE_IDENTIFIER = "study.macos.SwiftUI-CombineUITests";
				PRODUCT_NAME = "$(TARGET_NAME)";
				SWIFT_VERSION = 5.0;
				TARGETED_DEVICE_FAMILY = "1,2";
				TEST_TARGET_NAME = "SwiftUI+Combine";
			};
			name = Release;
		};
/* End XCBuildConfiguration section */

/* Begin XCConfigurationList section */
		3C41505A24703A22008886AA /* Build configuration list for PBXProject "SwiftUI+Combine" */ = {
			isa = XCConfigurationList;
			buildConfigurations = (
				3C41508724703A26008886AA /* Debug */,
				3C41508824703A26008886AA /* Release */,
			);
			defaultConfigurationIsVisible = 0;
			defaultConfigurationName = Release;
		};
		3C41508924703A26008886AA /* Build configuration list for PBXNativeTarget "SwiftUI+Combine" */ = {
			isa = XCConfigurationList;
			buildConfigurations = (
				3C41508A24703A26008886AA /* Debug */,
				3C41508B24703A26008886AA /* Release */,
			);
			defaultConfigurationIsVisible = 0;
			defaultConfigurationName = Release;
		};
		3C41508C24703A26008886AA /* Build configuration list for PBXNativeTarget "SwiftUI+CombineTests" */ = {
			isa = XCConfigurationList;
			buildConfigurations = (
				3C41508D24703A26008886AA /* Debug */,
				3C41508E24703A26008886AA /* Release */,
			);
			defaultConfigurationIsVisible = 0;
			defaultConfigurationName = Release;
		};
		3C41508F24703A26008886AA /* Build configuration list for PBXNativeTarget "SwiftUI+CombineUITests" */ = {
			isa = XCConfigurationList;
			buildConfigurations = (
				3C41509024703A26008886AA /* Debug */,
				3C41509124703A26008886AA /* Release */,
			);
			defaultConfigurationIsVisible = 0;
			defaultConfigurationName = Release;
		};
/* End XCConfigurationList section */
	};
	rootObject = 3C41505724703A22008886AA /* Project object */;
}
