// !$*UTF8*$!
{
	archiveVersion = 1;
	classes = {
	};
	objectVersion = 50;
	objects = {

/* Begin PBXBuildFile section */
		3C46ED1824194BD7007F26F3 /* AppDelegate.swift in Sources */ = {isa = PBXBuildFile; fileRef = 3C46ED1724194BD7007F26F3 /* AppDelegate.swift */; };
		3C46ED1A24194BD7007F26F3 /* SceneDelegate.swift in Sources */ = {isa = PBXBuildFile; fileRef = 3C46ED1924194BD7007F26F3 /* SceneDelegate.swift */; };
		3C46ED1C24194BD7007F26F3 /* ContentView.swift in Sources */ = {isa = PBXBuildFile; fileRef = 3C46ED1B24194BD7007F26F3 /* ContentView.swift */; };
		3C46ED1E24194BD8007F26F3 /* Assets.xcassets in Resources */ = {isa = PBXBuildFile; fileRef = 3C46ED1D24194BD8007F26F3 /* Assets.xcassets */; };
		3C46ED2124194BD8007F26F3 /* Preview Assets.xcassets in Resources */ = {isa = PBXBuildFile; fileRef = 3C46ED2024194BD8007F26F3 /* Preview Assets.xcassets */; };
		3C46ED2424194BD8007F26F3 /* LaunchScreen.storyboard in Resources */ = {isa = PBXBuildFile; fileRef = 3C46ED2224194BD8007F26F3 /* LaunchScreen.storyboard */; };
		3C46ED2F24194BD8007F26F3 /* Combine_SwiftUIRegisteDemoTests.swift in Sources */ = {isa = PBXBuildFile; fileRef = 3C46ED2E24194BD8007F26F3 /* Combine_SwiftUIRegisteDemoTests.swift */; };
		3C46ED3A24194BD8007F26F3 /* Combine_SwiftUIRegisteDemoUITests.swift in Sources */ = {isa = PBXBuildFile; fileRef = 3C46ED3924194BD8007F26F3 /* Combine_SwiftUIRegisteDemoUITests.swift */; };
/* End PBXBuildFile section */

/* Begin PBXContainerItemProxy section */
		3C46ED2B24194BD8007F26F3 /* PBXContainerItemProxy */ = {
			isa = PBXContainerItemProxy;
			containerPortal = 3C46ED0C24194BD6007F26F3 /* Project object */;
			proxyType = 1;
			remoteGlobalIDString = 3C46ED1324194BD7007F26F3;
			remoteInfo = "Combine-SwiftUIRegisteDemo";
		};
		3C46ED3624194BD8007F26F3 /* PBXContainerItemProxy */ = {
			isa = PBXContainerItemProxy;
			containerPortal = 3C46ED0C24194BD6007F26F3 /* Project object */;
			proxyType = 1;
			remoteGlobalIDString = 3C46ED1324194BD7007F26F3;
			remoteInfo = "Combine-SwiftUIRegisteDemo";
		};
/* End PBXContainerItemProxy section */

/* Begin PBXFileReference section */
		3C46ED1424194BD7007F26F3 /* Combine-SwiftUIRegisteDemo.app */ = {isa = PBXFileReference; explicitFileType = wrapper.application; includeInIndex = 0; path = "Combine-SwiftUIRegisteDemo.app"; sourceTree = BUILT_PRODUCTS_DIR; };
		3C46ED1724194BD7007F26F3 /* AppDelegate.swift */ = {isa = PBXFileReference; lastKnownFileType = sourcecode.swift; path = AppDelegate.swift; sourceTree = "<group>"; };
		3C46ED1924194BD7007F26F3 /* SceneDelegate.swift */ = {isa = PBXFileReference; lastKnownFileType = sourcecode.swift; path = SceneDelegate.swift; sourceTree = "<group>"; };
		3C46ED1B24194BD7007F26F3 /* ContentView.swift */ = {isa = PBXFileReference; lastKnownFileType = sourcecode.swift; path = ContentView.swift; sourceTree = "<group>"; };
		3C46ED1D24194BD8007F26F3 /* Assets.xcassets */ = {isa = PBXFileReference; lastKnownFileType = folder.assetcatalog; path = Assets.xcassets; sourceTree = "<group>"; };
		3C46ED2024194BD8007F26F3 /* Preview Assets.xcassets */ = {isa = PBXFileReference; lastKnownFileType = folder.assetcatalog; path = "Preview Assets.xcassets"; sourceTree = "<group>"; };
		3C46ED2324194BD8007F26F3 /* Base */ = {isa = PBXFileReference; lastKnownFileType = file.storyboard; name = Base; path = Base.lproj/LaunchScreen.storyboard; sourceTree = "<group>"; };
		3C46ED2524194BD8007F26F3 /* Info.plist */ = {isa = PBXFileReference; lastKnownFileType = text.plist.xml; path = Info.plist; sourceTree = "<group>"; };
		3C46ED2A24194BD8007F26F3 /* Combine-SwiftUIRegisteDemoTests.xctest */ = {isa = PBXFileReference; explicitFileType = wrapper.cfbundle; includeInIndex = 0; path = "Combine-SwiftUIRegisteDemoTests.xctest"; sourceTree = BUILT_PRODUCTS_DIR; };
		3C46ED2E24194BD8007F26F3 /* Combine_SwiftUIRegisteDemoTests.swift */ = {isa = PBXFileReference; lastKnownFileType = sourcecode.swift; path = Combine_SwiftUIRegisteDemoTests.swift; sourceTree = "<group>"; };
		3C46ED3024194BD8007F26F3 /* Info.plist */ = {isa = PBXFileReference; lastKnownFileType = text.plist.xml; path = Info.plist; sourceTree = "<group>"; };
		3C46ED3524194BD8007F26F3 /* Combine-SwiftUIRegisteDemoUITests.xctest */ = {isa = PBXFileReference; explicitFileType = wrapper.cfbundle; includeInIndex = 0; path = "Combine-SwiftUIRegisteDemoUITests.xctest"; sourceTree = BUILT_PRODUCTS_DIR; };
		3C46ED3924194BD8007F26F3 /* Combine_SwiftUIRegisteDemoUITests.swift */ = {isa = PBXFileReference; lastKnownFileType = sourcecode.swift; path = Combine_SwiftUIRegisteDemoUITests.swift; sourceTree = "<group>"; };
		3C46ED3B24194BD8007F26F3 /* Info.plist */ = {isa = PBXFileReference; lastKnownFileType = text.plist.xml; path = Info.plist; sourceTree = "<group>"; };
/* End PBXFileReference section */

/* Begin PBXFrameworksBuildPhase section */
		3C46ED1124194BD7007F26F3 /* Frameworks */ = {
			isa = PBXFrameworksBuildPhase;
			buildActionMask = 2147483647;
			files = (
			);
			runOnlyForDeploymentPostprocessing = 0;
		};
		3C46ED2724194BD8007F26F3 /* Frameworks */ = {
			isa = PBXFrameworksBuildPhase;
			buildActionMask = 2147483647;
			files = (
			);
			runOnlyForDeploymentPostprocessing = 0;
		};
		3C46ED3224194BD8007F26F3 /* Frameworks */ = {
			isa = PBXFrameworksBuildPhase;
			buildActionMask = 2147483647;
			files = (
			);
			runOnlyForDeploymentPostprocessing = 0;
		};
/* End PBXFrameworksBuildPhase section */

/* Begin PBXGroup section */
		3C46ED0B24194BD6007F26F3 = {
			isa = PBXGroup;
			children = (
				3C46ED1624194BD7007F26F3 /* Combine-SwiftUIRegisteDemo */,
				3C46ED2D24194BD8007F26F3 /* Combine-SwiftUIRegisteDemoTests */,
				3C46ED3824194BD8007F26F3 /* Combine-SwiftUIRegisteDemoUITests */,
				3C46ED1524194BD7007F26F3 /* Products */,
			);
			sourceTree = "<group>";
		};
		3C46ED1524194BD7007F26F3 /* Products */ = {
			isa = PBXGroup;
			children = (
				3C46ED1424194BD7007F26F3 /* Combine-SwiftUIRegisteDemo.app */,
				3C46ED2A24194BD8007F26F3 /* Combine-SwiftUIRegisteDemoTests.xctest */,
				3C46ED3524194BD8007F26F3 /* Combine-SwiftUIRegisteDemoUITests.xctest */,
			);
			name = Products;
			sourceTree = "<group>";
		};
		3C46ED1624194BD7007F26F3 /* Combine-SwiftUIRegisteDemo */ = {
			isa = PBXGroup;
			children = (
				3C46ED1724194BD7007F26F3 /* AppDelegate.swift */,
				3C46ED1924194BD7007F26F3 /* SceneDelegate.swift */,
				3C46ED1B24194BD7007F26F3 /* ContentView.swift */,
				3C46ED1D24194BD8007F26F3 /* Assets.xcassets */,
				3C46ED2224194BD8007F26F3 /* LaunchScreen.storyboard */,
				3C46ED2524194BD8007F26F3 /* Info.plist */,
				3C46ED1F24194BD8007F26F3 /* Preview Content */,
			);
			path = "Combine-SwiftUIRegisteDemo";
			sourceTree = "<group>";
		};
		3C46ED1F24194BD8007F26F3 /* Preview Content */ = {
			isa = PBXGroup;
			children = (
				3C46ED2024194BD8007F26F3 /* Preview Assets.xcassets */,
			);
			path = "Preview Content";
			sourceTree = "<group>";
		};
		3C46ED2D24194BD8007F26F3 /* Combine-SwiftUIRegisteDemoTests */ = {
			isa = PBXGroup;
			children = (
				3C46ED2E24194BD8007F26F3 /* Combine_SwiftUIRegisteDemoTests.swift */,
				3C46ED3024194BD8007F26F3 /* Info.plist */,
			);
			path = "Combine-SwiftUIRegisteDemoTests";
			sourceTree = "<group>";
		};
		3C46ED3824194BD8007F26F3 /* Combine-SwiftUIRegisteDemoUITests */ = {
			isa = PBXGroup;
			children = (
				3C46ED3924194BD8007F26F3 /* Combine_SwiftUIRegisteDemoUITests.swift */,
				3C46ED3B24194BD8007F26F3 /* Info.plist */,
			);
			path = "Combine-SwiftUIRegisteDemoUITests";
			sourceTree = "<group>";
		};
/* End PBXGroup section */

/* Begin PBXNativeTarget section */
		3C46ED1324194BD7007F26F3 /* Combine-SwiftUIRegisteDemo */ = {
			isa = PBXNativeTarget;
			buildConfigurationList = 3C46ED3E24194BD8007F26F3 /* Build configuration list for PBXNativeTarget "Combine-SwiftUIRegisteDemo" */;
			buildPhases = (
				3C46ED1024194BD7007F26F3 /* Sources */,
				3C46ED1124194BD7007F26F3 /* Frameworks */,
				3C46ED1224194BD7007F26F3 /* Resources */,
			);
			buildRules = (
			);
			dependencies = (
			);
			name = "Combine-SwiftUIRegisteDemo";
			productName = "Combine-SwiftUIRegisteDemo";
			productReference = 3C46ED1424194BD7007F26F3 /* Combine-SwiftUIRegisteDemo.app */;
			productType = "com.apple.product-type.application";
		};
		3C46ED2924194BD8007F26F3 /* Combine-SwiftUIRegisteDemoTests */ = {
			isa = PBXNativeTarget;
			buildConfigurationList = 3C46ED4124194BD8007F26F3 /* Build configuration list for PBXNativeTarget "Combine-SwiftUIRegisteDemoTests" */;
			buildPhases = (
				3C46ED2624194BD8007F26F3 /* Sources */,
				3C46ED2724194BD8007F26F3 /* Frameworks */,
				3C46ED2824194BD8007F26F3 /* Resources */,
			);
			buildRules = (
			);
			dependencies = (
				3C46ED2C24194BD8007F26F3 /* PBXTargetDependency */,
			);
			name = "Combine-SwiftUIRegisteDemoTests";
			productName = "Combine-SwiftUIRegisteDemoTests";
			productReference = 3C46ED2A24194BD8007F26F3 /* Combine-SwiftUIRegisteDemoTests.xctest */;
			productType = "com.apple.product-type.bundle.unit-test";
		};
		3C46ED3424194BD8007F26F3 /* Combine-SwiftUIRegisteDemoUITests */ = {
			isa = PBXNativeTarget;
			buildConfigurationList = 3C46ED4424194BD8007F26F3 /* Build configuration list for PBXNativeTarget "Combine-SwiftUIRegisteDemoUITests" */;
			buildPhases = (
				3C46ED3124194BD8007F26F3 /* Sources */,
				3C46ED3224194BD8007F26F3 /* Frameworks */,
				3C46ED3324194BD8007F26F3 /* Resources */,
			);
			buildRules = (
			);
			dependencies = (
				3C46ED3724194BD8007F26F3 /* PBXTargetDependency */,
			);
			name = "Combine-SwiftUIRegisteDemoUITests";
			productName = "Combine-SwiftUIRegisteDemoUITests";
			productReference = 3C46ED3524194BD8007F26F3 /* Combine-SwiftUIRegisteDemoUITests.xctest */;
			productType = "com.apple.product-type.bundle.ui-testing";
		};
/* End PBXNativeTarget section */

/* Begin PBXProject section */
		3C46ED0C24194BD6007F26F3 /* Project object */ = {
			isa = PBXProject;
			attributes = {
				LastSwiftUpdateCheck = 1130;
				LastUpgradeCheck = 1130;
				ORGANIZATIONNAME = "杨帆";
				TargetAttributes = {
					3C46ED1324194BD7007F26F3 = {
						CreatedOnToolsVersion = 11.3.1;
					};
					3C46ED2924194BD8007F26F3 = {
						CreatedOnToolsVersion = 11.3.1;
						TestTargetID = 3C46ED1324194BD7007F26F3;
					};
					3C46ED3424194BD8007F26F3 = {
						CreatedOnToolsVersion = 11.3.1;
						TestTargetID = 3C46ED1324194BD7007F26F3;
					};
				};
			};
			buildConfigurationList = 3C46ED0F24194BD6007F26F3 /* Build configuration list for PBXProject "Combine-SwiftUIRegisteDemo" */;
			compatibilityVersion = "Xcode 9.3";
			developmentRegion = en;
			hasScannedForEncodings = 0;
			knownRegions = (
				en,
				Base,
			);
			mainGroup = 3C46ED0B24194BD6007F26F3;
			productRefGroup = 3C46ED1524194BD7007F26F3 /* Products */;
			projectDirPath = "";
			projectRoot = "";
			targets = (
				3C46ED1324194BD7007F26F3 /* Combine-SwiftUIRegisteDemo */,
				3C46ED2924194BD8007F26F3 /* Combine-SwiftUIRegisteDemoTests */,
				3C46ED3424194BD8007F26F3 /* Combine-SwiftUIRegisteDemoUITests */,
			);
		};
/* End PBXProject section */

/* Begin PBXResourcesBuildPhase section */
		3C46ED1224194BD7007F26F3 /* Resources */ = {
			isa = PBXResourcesBuildPhase;
			buildActionMask = 2147483647;
			files = (
				3C46ED2424194BD8007F26F3 /* LaunchScreen.storyboard in Resources */,
				3C46ED2124194BD8007F26F3 /* Preview Assets.xcassets in Resources */,
				3C46ED1E24194BD8007F26F3 /* Assets.xcassets in Resources */,
			);
			runOnlyForDeploymentPostprocessing = 0;
		};
		3C46ED2824194BD8007F26F3 /* Resources */ = {
			isa = PBXResourcesBuildPhase;
			buildActionMask = 2147483647;
			files = (
			);
			runOnlyForDeploymentPostprocessing = 0;
		};
		3C46ED3324194BD8007F26F3 /* Resources */ = {
			isa = PBXResourcesBuildPhase;
			buildActionMask = 2147483647;
			files = (
			);
			runOnlyForDeploymentPostprocessing = 0;
		};
/* End PBXResourcesBuildPhase section */

/* Begin PBXSourcesBuildPhase section */
		3C46ED1024194BD7007F26F3 /* Sources */ = {
			isa = PBXSourcesBuildPhase;
			buildActionMask = 2147483647;
			files = (
				3C46ED1824194BD7007F26F3 /* AppDelegate.swift in Sources */,
				3C46ED1A24194BD7007F26F3 /* SceneDelegate.swift in Sources */,
				3C46ED1C24194BD7007F26F3 /* ContentView.swift in Sources */,
			);
			runOnlyForDeploymentPostprocessing = 0;
		};
		3C46ED2624194BD8007F26F3 /* Sources */ = {
			isa = PBXSourcesBuildPhase;
			buildActionMask = 2147483647;
			files = (
				3C46ED2F24194BD8007F26F3 /* Combine_SwiftUIRegisteDemoTests.swift in Sources */,
			);
			runOnlyForDeploymentPostprocessing = 0;
		};
		3C46ED3124194BD8007F26F3 /* Sources */ = {
			isa = PBXSourcesBuildPhase;
			buildActionMask = 2147483647;
			files = (
				3C46ED3A24194BD8007F26F3 /* Combine_SwiftUIRegisteDemoUITests.swift in Sources */,
			);
			runOnlyForDeploymentPostprocessing = 0;
		};
/* End PBXSourcesBuildPhase section */

/* Begin PBXTargetDependency section */
		3C46ED2C24194BD8007F26F3 /* PBXTargetDependency */ = {
			isa = PBXTargetDependency;
			target = 3C46ED1324194BD7007F26F3 /* Combine-SwiftUIRegisteDemo */;
			targetProxy = 3C46ED2B24194BD8007F26F3 /* PBXContainerItemProxy */;
		};
		3C46ED3724194BD8007F26F3 /* PBXTargetDependency */ = {
			isa = PBXTargetDependency;
			target = 3C46ED1324194BD7007F26F3 /* Combine-SwiftUIRegisteDemo */;
			targetProxy = 3C46ED3624194BD8007F26F3 /* PBXContainerItemProxy */;
		};
/* End PBXTargetDependency section */

/* Begin PBXVariantGroup section */
		3C46ED2224194BD8007F26F3 /* LaunchScreen.storyboard */ = {
			isa = PBXVariantGroup;
			children = (
				3C46ED2324194BD8007F26F3 /* Base */,
			);
			name = LaunchScreen.storyboard;
			sourceTree = "<group>";
		};
/* End PBXVariantGroup section */

/* Begin XCBuildConfiguration section */
		3C46ED3C24194BD8007F26F3 /* Debug */ = {
			isa = XCBuildConfiguration;
			buildSettings = {
				ALWAYS_SEARCH_USER_PATHS = NO;
				CLANG_ANALYZER_NONNULL = YES;
				CLANG_ANALYZER_NUMBER_OBJECT_CONVERSION = YES_AGGRESSIVE;
				CLANG_CXX_LANGUAGE_STANDARD = "gnu++14";
				CLANG_CXX_LIBRARY = "libc++";
				CLANG_ENABLE_MODULES = YES;
				CLANG_ENABLE_OBJC_ARC = YES;
				CLANG_ENABLE_OBJC_WEAK = YES;
				CLANG_WARN_BLOCK_CAPTURE_AUTORELEASING = YES;
				CLANG_WARN_BOOL_CONVERSION = YES;
				CLANG_WARN_COMMA = YES;
				CLANG_WARN_CONSTANT_CONVERSION = YES;
				CLANG_WARN_DEPRECATED_OBJC_IMPLEMENTATIONS = YES;
				CLANG_WARN_DIRECT_OBJC_ISA_USAGE = YES_ERROR;
				CLANG_WARN_DOCUMENTATION_COMMENTS = YES;
				CLANG_WARN_EMPTY_BODY = YES;
				CLANG_WARN_ENUM_CONVERSION = YES;
				CLANG_WARN_INFINITE_RECURSION = YES;
				CLANG_WARN_INT_CONVERSION = YES;
				CLANG_WARN_NON_LITERAL_NULL_CONVERSION = YES;
				CLANG_WARN_OBJC_IMPLICIT_RETAIN_SELF = YES;
				CLANG_WARN_OBJC_LITERAL_CONVERSION = YES;
				CLANG_WARN_OBJC_ROOT_CLASS = YES_ERROR;
				CLANG_WARN_RANGE_LOOP_ANALYSIS = YES;
				CLANG_WARN_STRICT_PROTOTYPES = YES;
				CLANG_WARN_SUSPICIOUS_MOVE = YES;
				CLANG_WARN_UNGUARDED_AVAILABILITY = YES_AGGRESSIVE;
				CLANG_WARN_UNREACHABLE_CODE = YES;
				CLANG_WARN__DUPLICATE_METHOD_MATCH = YES;
				COPY_PHASE_STRIP = NO;
				DEBUG_INFORMATION_FORMAT = dwarf;
				ENABLE_STRICT_OBJC_MSGSEND = YES;
				ENABLE_TESTABILITY = YES;
				GCC_C_LANGUAGE_STANDARD = gnu11;
				GCC_DYNAMIC_NO_PIC = NO;
				GCC_NO_COMMON_BLOCKS = YES;
				GCC_OPTIMIZATION_LEVEL = 0;
				GCC_PREPROCESSOR_DEFINITIONS = (
					"DEBUG=1",
					"$(inherited)",
				);
				GCC_WARN_64_TO_32_BIT_CONVERSION = YES;
				GCC_WARN_ABOUT_RETURN_TYPE = YES_ERROR;
				GCC_WARN_UNDECLARED_SELECTOR = YES;
				GCC_WARN_UNINITIALIZED_AUTOS = YES_AGGRESSIVE;
				GCC_WARN_UNUSED_FUNCTION = YES;
				GCC_WARN_UNUSED_VARIABLE = YES;
				IPHONEOS_DEPLOYMENT_TARGET = 13.2;
				MTL_ENABLE_DEBUG_INFO = INCLUDE_SOURCE;
				MTL_FAST_MATH = YES;
				ONLY_ACTIVE_ARCH = YES;
				SDKROOT = iphoneos;
				SWIFT_ACTIVE_COMPILATION_CONDITIONS = DEBUG;
				SWIFT_OPTIMIZATION_LEVEL = "-Onone";
			};
			name = Debug;
		};
		3C46ED3D24194BD8007F26F3 /* Release */ = {
			isa = XCBuildConfiguration;
			buildSettings = {
				ALWAYS_SEARCH_USER_PATHS = NO;
				CLANG_ANALYZER_NONNULL = YES;
				CLANG_ANALYZER_NUMBER_OBJECT_CONVERSION = YES_AGGRESSIVE;
				CLANG_CXX_LANGUAGE_STANDARD = "gnu++14";
				CLANG_CXX_LIBRARY = "libc++";
				CLANG_ENABLE_MODULES = YES;
				CLANG_ENABLE_OBJC_ARC = YES;
				CLANG_ENABLE_OBJC_WEAK = YES;
				CLANG_WARN_BLOCK_CAPTURE_AUTORELEASING = YES;
				CLANG_WARN_BOOL_CONVERSION = YES;
				CLANG_WARN_COMMA = YES;
				CLANG_WARN_CONSTANT_CONVERSION = YES;
				CLANG_WARN_DEPRECATED_OBJC_IMPLEMENTATIONS = YES;
				CLANG_WARN_DIRECT_OBJC_ISA_USAGE = YES_ERROR;
				CLANG_WARN_DOCUMENTATION_COMMENTS = YES;
				CLANG_WARN_EMPTY_BODY = YES;
				CLANG_WARN_ENUM_CONVERSION = YES;
				CLANG_WARN_INFINITE_RECURSION = YES;
				CLANG_WARN_INT_CONVERSION = YES;
				CLANG_WARN_NON_LITERAL_NULL_CONVERSION = YES;
				CLANG_WARN_OBJC_IMPLICIT_RETAIN_SELF = YES;
				CLANG_WARN_OBJC_LITERAL_CONVERSION = YES;
				CLANG_WARN_OBJC_ROOT_CLASS = YES_ERROR;
				CLANG_WARN_RANGE_LOOP_ANALYSIS = YES;
				CLANG_WARN_STRICT_PROTOTYPES = YES;
				CLANG_WARN_SUSPICIOUS_MOVE = YES;
				CLANG_WARN_UNGUARDED_AVAILABILITY = YES_AGGRESSIVE;
				CLANG_WARN_UNREACHABLE_CODE = YES;
				CLANG_WARN__DUPLICATE_METHOD_MATCH = YES;
				COPY_PHASE_STRIP = NO;
				DEBUG_INFORMATION_FORMAT = "dwarf-with-dsym";
				ENABLE_NS_ASSERTIONS = NO;
				ENABLE_STRICT_OBJC_MSGSEND = YES;
				GCC_C_LANGUAGE_STANDARD = gnu11;
				GCC_NO_COMMON_BLOCKS = YES;
				GCC_WARN_64_TO_32_BIT_CONVERSION = YES;
				GCC_WARN_ABOUT_RETURN_TYPE = YES_ERROR;
				GCC_WARN_UNDECLARED_SELECTOR = YES;
				GCC_WARN_UNINITIALIZED_AUTOS = YES_AGGRESSIVE;
				GCC_WARN_UNUSED_FUNCTION = YES;
				GCC_WARN_UNUSED_VARIABLE = YES;
				IPHONEOS_DEPLOYMENT_TARGET = 13.2;
				MTL_ENABLE_DEBUG_INFO = NO;
				MTL_FAST_MATH = YES;
				SDKROOT = iphoneos;
				SWIFT_COMPILATION_MODE = wholemodule;
				SWIFT_OPTIMIZATION_LEVEL = "-O";
				VALIDATE_PRODUCT = YES;
			};
			name = Release;
		};
		3C46ED3F24194BD8007F26F3 /* Debug */ = {
			isa = XCBuildConfiguration;
			buildSettings = {
				ASSETCATALOG_COMPILER_APPICON_NAME = AppIcon;
				CODE_SIGN_STYLE = Automatic;
				DEVELOPMENT_ASSET_PATHS = "\"Combine-SwiftUIRegisteDemo/Preview Content\"";
				ENABLE_PREVIEWS = YES;
				INFOPLIST_FILE = "Combine-SwiftUIRegisteDemo/Info.plist";
				LD_RUNPATH_SEARCH_PATHS = (
					"$(inherited)",
					"@executable_path/Frameworks",
				);
				PRODUCT_BUNDLE_IDENTIFIER = "developer.yf.Combine-SwiftUIRegisteDemo";
				PRODUCT_NAME = "$(TARGET_NAME)";
				SWIFT_VERSION = 5.0;
				TARGETED_DEVICE_FAMILY = "1,2";
			};
			name = Debug;
		};
		3C46ED4024194BD8007F26F3 /* Release */ = {
			isa = XCBuildConfiguration;
			buildSettings = {
				ASSETCATALOG_COMPILER_APPICON_NAME = AppIcon;
				CODE_SIGN_STYLE = Automatic;
				DEVELOPMENT_ASSET_PATHS = "\"Combine-SwiftUIRegisteDemo/Preview Content\"";
				ENABLE_PREVIEWS = YES;
				INFOPLIST_FILE = "Combine-SwiftUIRegisteDemo/Info.plist";
				LD_RUNPATH_SEARCH_PATHS = (
					"$(inherited)",
					"@executable_path/Frameworks",
				);
				PRODUCT_BUNDLE_IDENTIFIER = "developer.yf.Combine-SwiftUIRegisteDemo";
				PRODUCT_NAME = "$(TARGET_NAME)";
				SWIFT_VERSION = 5.0;
				TARGETED_DEVICE_FAMILY = "1,2";
			};
			name = Release;
		};
		3C46ED4224194BD8007F26F3 /* Debug */ = {
			isa = XCBuildConfiguration;
			buildSettings = {
				ALWAYS_EMBED_SWIFT_STANDARD_LIBRARIES = YES;
				BUNDLE_LOADER = "$(TEST_HOST)";
				CODE_SIGN_STYLE = Automatic;
				INFOPLIST_FILE = "Combine-SwiftUIRegisteDemoTests/Info.plist";
				IPHONEOS_DEPLOYMENT_TARGET = 13.2;
				LD_RUNPATH_SEARCH_PATHS = (
					"$(inherited)",
					"@executable_path/Frameworks",
					"@loader_path/Frameworks",
				);
				PRODUCT_BUNDLE_IDENTIFIER = "developer.yf.Combine-SwiftUIRegisteDemoTests";
				PRODUCT_NAME = "$(TARGET_NAME)";
				SWIFT_VERSION = 5.0;
				TARGETED_DEVICE_FAMILY = "1,2";
				TEST_HOST = "$(BUILT_PRODUCTS_DIR)/Combine-SwiftUIRegisteDemo.app/Combine-SwiftUIRegisteDemo";
			};
			name = Debug;
		};
		3C46ED4324194BD8007F26F3 /* Release */ = {
			isa = XCBuildConfiguration;
			buildSettings = {
				ALWAYS_EMBED_SWIFT_STANDARD_LIBRARIES = YES;
				BUNDLE_LOADER = "$(TEST_HOST)";
				CODE_SIGN_STYLE = Automatic;
				INFOPLIST_FILE = "Combine-SwiftUIRegisteDemoTests/Info.plist";
				IPHONEOS_DEPLOYMENT_TARGET = 13.2;
				LD_RUNPATH_SEARCH_PATHS = (
					"$(inherited)",
					"@executable_path/Frameworks",
					"@loader_path/Frameworks",
				);
				PRODUCT_BUNDLE_IDENTIFIER = "developer.yf.Combine-SwiftUIRegisteDemoTests";
				PRODUCT_NAME = "$(TARGET_NAME)";
				SWIFT_VERSION = 5.0;
				TARGETED_DEVICE_FAMILY = "1,2";
				TEST_HOST = "$(BUILT_PRODUCTS_DIR)/Combine-SwiftUIRegisteDemo.app/Combine-SwiftUIRegisteDemo";
			};
			name = Release;
		};
		3C46ED4524194BD8007F26F3 /* Debug */ = {
			isa = XCBuildConfiguration;
			buildSettings = {
				ALWAYS_EMBED_SWIFT_STANDARD_LIBRARIES = YES;
				CODE_SIGN_STYLE = Automatic;
				INFOPLIST_FILE = "Combine-SwiftUIRegisteDemoUITests/Info.plist";
				LD_RUNPATH_SEARCH_PATHS = (
					"$(inherited)",
					"@executable_path/Frameworks",
					"@loader_path/Frameworks",
				);
				PRODUCT_BUNDLE_IDENTIFIER = "developer.yf.Combine-SwiftUIRegisteDemoUITests";
				PRODUCT_NAME = "$(TARGET_NAME)";
				SWIFT_VERSION = 5.0;
				TARGETED_DEVICE_FAMILY = "1,2";
				TEST_TARGET_NAME = "Combine-SwiftUIRegisteDemo";
			};
			name = Debug;
		};
		3C46ED4624194BD8007F26F3 /* Release */ = {
			isa = XCBuildConfiguration;
			buildSettings = {
				ALWAYS_EMBED_SWIFT_STANDARD_LIBRARIES = YES;
				CODE_SIGN_STYLE = Automatic;
				INFOPLIST_FILE = "Combine-SwiftUIRegisteDemoUITests/Info.plist";
				LD_RUNPATH_SEARCH_PATHS = (
					"$(inherited)",
					"@executable_path/Frameworks",
					"@loader_path/Frameworks",
				);
				PRODUCT_BUNDLE_IDENTIFIER = "developer.yf.Combine-SwiftUIRegisteDemoUITests";
				PRODUCT_NAME = "$(TARGET_NAME)";
				SWIFT_VERSION = 5.0;
				TARGETED_DEVICE_FAMILY = "1,2";
				TEST_TARGET_NAME = "Combine-SwiftUIRegisteDemo";
			};
			name = Release;
		};
/* End XCBuildConfiguration section */

/* Begin XCConfigurationList section */
		3C46ED0F24194BD6007F26F3 /* Build configuration list for PBXProject "Combine-SwiftUIRegisteDemo" */ = {
			isa = XCConfigurationList;
			buildConfigurations = (
				3C46ED3C24194BD8007F26F3 /* Debug */,
				3C46ED3D24194BD8007F26F3 /* Release */,
			);
			defaultConfigurationIsVisible = 0;
			defaultConfigurationName = Release;
		};
		3C46ED3E24194BD8007F26F3 /* Build configuration list for PBXNativeTarget "Combine-SwiftUIRegisteDemo" */ = {
			isa = XCConfigurationList;
			buildConfigurations = (
				3C46ED3F24194BD8007F26F3 /* Debug */,
				3C46ED4024194BD8007F26F3 /* Release */,
			);
			defaultConfigurationIsVisible = 0;
			defaultConfigurationName = Release;
		};
		3C46ED4124194BD8007F26F3 /* Build configuration list for PBXNativeTarget "Combine-SwiftUIRegisteDemoTests" */ = {
			isa = XCConfigurationList;
			buildConfigurations = (
				3C46ED4224194BD8007F26F3 /* Debug */,
				3C46ED4324194BD8007F26F3 /* Release */,
			);
			defaultConfigurationIsVisible = 0;
			defaultConfigurationName = Release;
		};
		3C46ED4424194BD8007F26F3 /* Build configuration list for PBXNativeTarget "Combine-SwiftUIRegisteDemoUITests" */ = {
			isa = XCConfigurationList;
			buildConfigurations = (
				3C46ED4524194BD8007F26F3 /* Debug */,
				3C46ED4624194BD8007F26F3 /* Release */,
			);
			defaultConfigurationIsVisible = 0;
			defaultConfigurationName = Release;
		};
/* End XCConfigurationList section */
	};
	rootObject = 3C46ED0C24194BD6007F26F3 /* Project object */;
}
